
Microsoft Visual Studio Solution File, Format Version 12.00
# Visual Studio Version 16
VisualStudioVersion = 16.0.29609.76
MinimumVisualStudioVersion = 10.0.40219.1
Project("{9A19103F-16F7-4668-BE54-9A1E7A4F7556}") = "Core.Blacklist", "Core.Blacklist\Core.Blacklist.csproj", "{42B34128-CBA9-4733-ADD6-3DE99D785D33}"
EndProject
Project("{9A19103F-16F7-4668-BE54-9A1E7A4F7556}") = "Core.Compatibility", "Core.Compatibility\Core.Compatibility.csproj", "{14FBAB41-340C-47C7-90E5-FCDE3F8535AD}"
EndProject
Project("{9A19103F-16F7-4668-BE54-9A1E7A4F7556}") = "Core.Style", "Core.Style\Core.Style.csproj", "{97A6C184-D8A5-40A0-B0C6-CA47DD26E1C9}"
EndProject
Project("{9A19103F-16F7-4668-BE54-9A1E7A4F7556}") = "Core.Uniqueness", "Core.Uniqueness\Core.Uniqueness.csproj", "{9959ED27-2368-40AA-8642-8A2DA9016360}"
EndProject
Global
	GlobalSection(SolutionConfigurationPlatforms) = preSolution
		Debug|Any CPU = Debug|Any CPU
		Release|Any CPU = Release|Any CPU
	EndGlobalSection
	GlobalSection(ProjectConfigurationPlatforms) = postSolution
		{42B34128-CBA9-4733-ADD6-3DE99D785D33}.Debug|Any CPU.ActiveCfg = Debug|Any CPU
		{42B34128-CBA9-4733-ADD6-3DE99D785D33}.Debug|Any CPU.Build.0 = Debug|Any CPU
		{42B34128-CBA9-4733-ADD6-3DE99D785D33}.Release|Any CPU.ActiveCfg = Release|Any CPU
		{42B34128-CBA9-4733-ADD6-3DE99D785D33}.Release|Any CPU.Build.0 = Release|Any CPU
		{14FBAB41-340C-47C7-90E5-FCDE3F8535AD}.Debug|Any CPU.ActiveCfg = Debug|Any CPU
		{14FBAB41-340C-47C7-90E5-FCDE3F8535AD}.Debug|Any CPU.Build.0 = Debug|Any CPU
		{14FBAB41-340C-47C7-90E5-FCDE3F8535AD}.Release|Any CPU.ActiveCfg = Release|Any CPU
		{14FBAB41-340C-47C7-90E5-FCDE3F8535AD}.Release|Any CPU.Build.0 = Release|Any CPU
		{97A6C184-D8A5-40A0-B0C6-CA47DD26E1C9}.Debug|Any CPU.ActiveCfg = Debug|Any CPU
		{97A6C184-D8A5-40A0-B0C6-CA47DD26E1C9}.Debug|Any CPU.Build.0 = Debug|Any CPU
		{97A6C184-D8A5-40A0-B0C6-CA47DD26E1C9}.Release|Any CPU.ActiveCfg = Release|Any CPU
		{97A6C184-D8A5-40A0-B0C6-CA47DD26E1C9}.Release|Any CPU.Build.0 = Release|Any CPU
		{9959ED27-2368-40AA-8642-8A2DA9016360}.Debug|Any CPU.ActiveCfg = Debug|Any CPU
		{9959ED27-2368-40AA-8642-8A2DA9016360}.Debug|Any CPU.Build.0 = Debug|Any CPU
		{9959ED27-2368-40AA-8642-8A2DA9016360}.Release|Any CPU.ActiveCfg = Release|Any CPU
		{9959ED27-2368-40AA-8642-8A2DA9016360}.Release|Any CPU.Build.0 = Release|Any CPU
	EndGlobalSection
	GlobalSection(SolutionProperties) = preSolution
		HideSolutionNode = FALSE
	EndGlobalSection
	GlobalSection(ExtensibilityGlobals) = postSolution
		SolutionGuid = {0814C261-26C8-40B8-9B9D-05CE34442FD9}
	EndGlobalSection
EndGlobal
